{
  "name": "SangamApp",
  "lockfileVersion": 3,
  "requires": true,
  "packages": {
    "": {
      "dependencies": {
        "ralph-loop": "^0.0.1-alpha.0"
      }
    },
    "node_modules/ralph-loop": {
      "version": "0.0.1-alpha.0",
      "resolved": "https://registry.npmjs.org/ralph-loop/-/ralph-loop-0.0.1-alpha.0.tgz",
      "integrity": "sha512-ZVyGP6rClGRI9MkrjZ5io5OD9gwEahWO5EsJ0VDE9UGXmvv2dO3mI+xhSsjyjjE2kxs7FCk4RW0+RBOG2ZmNNQ==",
      "license": "ISC"
    }
  }
}
